
Microsoft Visual Studio Solution File, Format Version 12.00
# Visual Studio 2013
VisualStudioVersion = 12.0.30501.0
MinimumVisualStudioVersion = 10.0.40219.1
Project("{FAE04EC0-301F-11D3-BF4B-00C04F79EFBC}") = "MyMaps.WinPhone", "MyMaps\MyMaps.WinPhone\MyMaps.WinPhone.csproj", "{DEC13108-3790-44B5-9174-59E412428EC9}"
EndProject
Project("{FAE04EC0-301F-11D3-BF4B-00C04F79EFBC}") = "MyMaps.iOS", "MyMaps\MyMaps.iOS\MyMaps.iOS.csproj", "{33FF161C-1FC4-4269-9E64-55B30AC3F985}"
EndProject
Project("{FAE04EC0-301F-11D3-BF4B-00C04F79EFBC}") = "MyMaps.Android", "MyMaps\MyMaps.Android\MyMaps.Android.csproj", "{7891A787-993B-4236-B60A-8D000F19FFD0}"
EndProject
Project("{D954291E-2A0B-460D-934E-DC6B0785DB48}") = "MyMaps", "MyMaps\MyMaps\MyMaps.shproj", "{20E68E45-25B3-4D48-990B-073D032D35D9}"
EndProject
Global
	GlobalSection(SharedMSBuildProjectFiles) = preSolution
		MyMaps\MyMaps\MyMaps.projitems*{dec13108-3790-44b5-9174-59e412428ec9}*SharedItemsImports = 4
		MyMaps\MyMaps\MyMaps.projitems*{20e68e45-25b3-4d48-990b-073d032d35d9}*SharedItemsImports = 13
		MyMaps\MyMaps\MyMaps.projitems*{7891a787-993b-4236-b60a-8d000f19ffd0}*SharedItemsImports = 4
		MyMaps\MyMaps\MyMaps.projitems*{33ff161c-1fc4-4269-9e64-55b30ac3f985}*SharedItemsImports = 4
	EndGlobalSection
	GlobalSection(SolutionConfigurationPlatforms) = preSolution
		Ad-Hoc|Any CPU = Ad-Hoc|Any CPU
		Ad-Hoc|ARM = Ad-Hoc|ARM
		Ad-Hoc|iPhone = Ad-Hoc|iPhone
		Ad-Hoc|iPhoneSimulator = Ad-Hoc|iPhoneSimulator
		Ad-Hoc|Mixed Platforms = Ad-Hoc|Mixed Platforms
		Ad-Hoc|x86 = Ad-Hoc|x86
		AppStore|Any CPU = AppStore|Any CPU
		AppStore|ARM = AppStore|ARM
		AppStore|iPhone = AppStore|iPhone
		AppStore|iPhoneSimulator = AppStore|iPhoneSimulator
		AppStore|Mixed Platforms = AppStore|Mixed Platforms
		AppStore|x86 = AppStore|x86
		Debug|Any CPU = Debug|Any CPU
		Debug|ARM = Debug|ARM
		Debug|iPhone = Debug|iPhone
		Debug|iPhoneSimulator = Debug|iPhoneSimulator
		Debug|Mixed Platforms = Debug|Mixed Platforms
		Debug|x86 = Debug|x86
		Release|Any CPU = Release|Any CPU
		Release|ARM = Release|ARM
		Release|iPhone = Release|iPhone
		Release|iPhoneSimulator = Release|iPhoneSimulator
		Release|Mixed Platforms = Release|Mixed Platforms
		Release|x86 = Release|x86
	EndGlobalSection
	GlobalSection(ProjectConfigurationPlatforms) = postSolution
		{DEC13108-3790-44B5-9174-59E412428EC9}.Ad-Hoc|Any CPU.ActiveCfg = Release|Any CPU
		{DEC13108-3790-44B5-9174-59E412428EC9}.Ad-Hoc|Any CPU.Build.0 = Release|Any CPU
		{DEC13108-3790-44B5-9174-59E412428EC9}.Ad-Hoc|Any CPU.Deploy.0 = Release|Any CPU
		{DEC13108-3790-44B5-9174-59E412428EC9}.Ad-Hoc|ARM.ActiveCfg = Release|ARM
		{DEC13108-3790-44B5-9174-59E412428EC9}.Ad-Hoc|ARM.Build.0 = Release|ARM
		{DEC13108-3790-44B5-9174-59E412428EC9}.Ad-Hoc|ARM.Deploy.0 = Release|ARM
		{DEC13108-3790-44B5-9174-59E412428EC9}.Ad-Hoc|iPhone.ActiveCfg = Release|Any CPU
		{DEC13108-3790-44B5-9174-59E412428EC9}.Ad-Hoc|iPhoneSimulator.ActiveCfg = Release|Any CPU
		{DEC13108-3790-44B5-9174-59E412428EC9}.Ad-Hoc|Mixed Platforms.ActiveCfg = Release|x86
		{DEC13108-3790-44B5-9174-59E412428EC9}.Ad-Hoc|Mixed Platforms.Build.0 = Release|x86
		{DEC13108-3790-44B5-9174-59E412428EC9}.Ad-Hoc|Mixed Platforms.Deploy.0 = Release|x86
		{DEC13108-3790-44B5-9174-59E412428EC9}.Ad-Hoc|x86.ActiveCfg = Release|x86
		{DEC13108-3790-44B5-9174-59E412428EC9}.Ad-Hoc|x86.Build.0 = Release|x86
		{DEC13108-3790-44B5-9174-59E412428EC9}.Ad-Hoc|x86.Deploy.0 = Release|x86
		{DEC13108-3790-44B5-9174-59E412428EC9}.AppStore|Any CPU.ActiveCfg = Release|Any CPU
		{DEC13108-3790-44B5-9174-59E412428EC9}.AppStore|Any CPU.Build.0 = Release|Any CPU
		{DEC13108-3790-44B5-9174-59E412428EC9}.AppStore|Any CPU.Deploy.0 = Release|Any CPU
		{DEC13108-3790-44B5-9174-59E412428EC9}.AppStore|ARM.ActiveCfg = Release|ARM
		{DEC13108-3790-44B5-9174-59E412428EC9}.AppStore|ARM.Build.0 = Release|ARM
		{DEC13108-3790-44B5-9174-59E412428EC9}.AppStore|ARM.Deploy.0 = Release|ARM
		{DEC13108-3790-44B5-9174-59E412428EC9}.AppStore|iPhone.ActiveCfg = Release|Any CPU
		{DEC13108-3790-44B5-9174-59E412428EC9}.AppStore|iPhoneSimulator.ActiveCfg = Release|Any CPU
		{DEC13108-3790-44B5-9174-59E412428EC9}.AppStore|Mixed Platforms.ActiveCfg = Release|x86
		{DEC13108-3790-44B5-9174-59E412428EC9}.AppStore|Mixed Platforms.Build.0 = Release|x86
		{DEC13108-3790-44B5-9174-59E412428EC9}.AppStore|Mixed Platforms.Deploy.0 = Release|x86
		{DEC13108-3790-44B5-9174-59E412428EC9}.AppStore|x86.ActiveCfg = Release|x86
		{DEC13108-3790-44B5-9174-59E412428EC9}.AppStore|x86.Build.0 = Release|x86
		{DEC13108-3790-44B5-9174-59E412428EC9}.AppStore|x86.Deploy.0 = Release|x86
		{DEC13108-3790-44B5-9174-59E412428EC9}.Debug|Any CPU.ActiveCfg = Debug|Any CPU
		{DEC13108-3790-44B5-9174-59E412428EC9}.Debug|Any CPU.Build.0 = Debug|Any CPU
		{DEC13108-3790-44B5-9174-59E412428EC9}.Debug|Any CPU.Deploy.0 = Debug|Any CPU
		{DEC13108-3790-44B5-9174-59E412428EC9}.Debug|ARM.ActiveCfg = Debug|ARM
		{DEC13108-3790-44B5-9174-59E412428EC9}.Debug|ARM.Build.0 = Debug|ARM
		{DEC13108-3790-44B5-9174-59E412428EC9}.Debug|ARM.Deploy.0 = Debug|ARM
		{DEC13108-3790-44B5-9174-59E412428EC9}.Debug|iPhone.ActiveCfg = Debug|Any CPU
		{DEC13108-3790-44B5-9174-59E412428EC9}.Debug|iPhoneSimulator.ActiveCfg = Debug|Any CPU
		{DEC13108-3790-44B5-9174-59E412428EC9}.Debug|Mixed Platforms.ActiveCfg = Debug|x86
		{DEC13108-3790-44B5-9174-59E412428EC9}.Debug|Mixed Platforms.Build.0 = Debug|x86
		{DEC13108-3790-44B5-9174-59E412428EC9}.Debug|Mixed Platforms.Deploy.0 = Debug|x86
		{DEC13108-3790-44B5-9174-59E412428EC9}.Debug|x86.ActiveCfg = Debug|x86
		{DEC13108-3790-44B5-9174-59E412428EC9}.Debug|x86.Build.0 = Debug|x86
		{DEC13108-3790-44B5-9174-59E412428EC9}.Debug|x86.Deploy.0 = Debug|x86
		{DEC13108-3790-44B5-9174-59E412428EC9}.Release|Any CPU.ActiveCfg = Release|Any CPU
		{DEC13108-3790-44B5-9174-59E412428EC9}.Release|Any CPU.Build.0 = Release|Any CPU
		{DEC13108-3790-44B5-9174-59E412428EC9}.Release|Any CPU.Deploy.0 = Release|Any CPU
		{DEC13108-3790-44B5-9174-59E412428EC9}.Release|ARM.ActiveCfg = Release|ARM
		{DEC13108-3790-44B5-9174-59E412428EC9}.Release|ARM.Build.0 = Release|ARM
		{DEC13108-3790-44B5-9174-59E412428EC9}.Release|ARM.Deploy.0 = Release|ARM
		{DEC13108-3790-44B5-9174-59E412428EC9}.Release|iPhone.ActiveCfg = Release|Any CPU
		{DEC13108-3790-44B5-9174-59E412428EC9}.Release|iPhoneSimulator.ActiveCfg = Release|Any CPU
		{DEC13108-3790-44B5-9174-59E412428EC9}.Release|Mixed Platforms.ActiveCfg = Release|x86
		{DEC13108-3790-44B5-9174-59E412428EC9}.Release|Mixed Platforms.Build.0 = Release|x86
		{DEC13108-3790-44B5-9174-59E412428EC9}.Release|Mixed Platforms.Deploy.0 = Release|x86
		{DEC13108-3790-44B5-9174-59E412428EC9}.Release|x86.ActiveCfg = Release|x86
		{DEC13108-3790-44B5-9174-59E412428EC9}.Release|x86.Build.0 = Release|x86
		{DEC13108-3790-44B5-9174-59E412428EC9}.Release|x86.Deploy.0 = Release|x86
		{33FF161C-1FC4-4269-9E64-55B30AC3F985}.Ad-Hoc|Any CPU.ActiveCfg = Ad-Hoc|iPhone
		{33FF161C-1FC4-4269-9E64-55B30AC3F985}.Ad-Hoc|ARM.ActiveCfg = Ad-Hoc|iPhone
		{33FF161C-1FC4-4269-9E64-55B30AC3F985}.Ad-Hoc|iPhone.ActiveCfg = Ad-Hoc|iPhone
		{33FF161C-1FC4-4269-9E64-55B30AC3F985}.Ad-Hoc|iPhone.Build.0 = Ad-Hoc|iPhone
		{33FF161C-1FC4-4269-9E64-55B30AC3F985}.Ad-Hoc|iPhone.Deploy.0 = Ad-Hoc|iPhone
		{33FF161C-1FC4-4269-9E64-55B30AC3F985}.Ad-Hoc|iPhoneSimulator.ActiveCfg = Ad-Hoc|iPhoneSimulator
		{33FF161C-1FC4-4269-9E64-55B30AC3F985}.Ad-Hoc|iPhoneSimulator.Build.0 = Ad-Hoc|iPhoneSimulator
		{33FF161C-1FC4-4269-9E64-55B30AC3F985}.Ad-Hoc|iPhoneSimulator.Deploy.0 = Ad-Hoc|iPhoneSimulator
		{33FF161C-1FC4-4269-9E64-55B30AC3F985}.Ad-Hoc|Mixed Platforms.ActiveCfg = Ad-Hoc|iPhone
		{33FF161C-1FC4-4269-9E64-55B30AC3F985}.Ad-Hoc|Mixed Platforms.Build.0 = Ad-Hoc|iPhone
		{33FF161C-1FC4-4269-9E64-55B30AC3F985}.Ad-Hoc|Mixed Platforms.Deploy.0 = Ad-Hoc|iPhone
		{33FF161C-1FC4-4269-9E64-55B30AC3F985}.Ad-Hoc|x86.ActiveCfg = Ad-Hoc|iPhone
		{33FF161C-1FC4-4269-9E64-55B30AC3F985}.AppStore|Any CPU.ActiveCfg = AppStore|iPhone
		{33FF161C-1FC4-4269-9E64-55B30AC3F985}.AppStore|ARM.ActiveCfg = AppStore|iPhone
		{33FF161C-1FC4-4269-9E64-55B30AC3F985}.AppStore|iPhone.ActiveCfg = AppStore|iPhone
		{33FF161C-1FC4-4269-9E64-55B30AC3F985}.AppStore|iPhone.Build.0 = AppStore|iPhone
		{33FF161C-1FC4-4269-9E64-55B30AC3F985}.AppStore|iPhone.Deploy.0 = AppStore|iPhone
		{33FF161C-1FC4-4269-9E64-55B30AC3F985}.AppStore|iPhoneSimulator.ActiveCfg = AppStore|iPhoneSimulator
		{33FF161C-1FC4-4269-9E64-55B30AC3F985}.AppStore|iPhoneSimulator.Build.0 = AppStore|iPhoneSimulator
		{33FF161C-1FC4-4269-9E64-55B30AC3F985}.AppStore|iPhoneSimulator.Deploy.0 = AppStore|iPhoneSimulator
		{33FF161C-1FC4-4269-9E64-55B30AC3F985}.AppStore|Mixed Platforms.ActiveCfg = AppStore|iPhone
		{33FF161C-1FC4-4269-9E64-55B30AC3F985}.AppStore|Mixed Platforms.Build.0 = AppStore|iPhone
		{33FF161C-1FC4-4269-9E64-55B30AC3F985}.AppStore|Mixed Platforms.Deploy.0 = AppStore|iPhone
		{33FF161C-1FC4-4269-9E64-55B30AC3F985}.AppStore|x86.ActiveCfg = AppStore|iPhone
		{33FF161C-1FC4-4269-9E64-55B30AC3F985}.Debug|Any CPU.ActiveCfg = Debug|iPhone
		{33FF161C-1FC4-4269-9E64-55B30AC3F985}.Debug|ARM.ActiveCfg = Debug|iPhone
		{33FF161C-1FC4-4269-9E64-55B30AC3F985}.Debug|iPhone.ActiveCfg = Debug|iPhone
		{33FF161C-1FC4-4269-9E64-55B30AC3F985}.Debug|iPhone.Build.0 = Debug|iPhone
		{33FF161C-1FC4-4269-9E64-55B30AC3F985}.Debug|iPhone.Deploy.0 = Debug|iPhone
		{33FF161C-1FC4-4269-9E64-55B30AC3F985}.Debug|iPhoneSimulator.ActiveCfg = Debug|iPhoneSimulator
		{33FF161C-1FC4-4269-9E64-55B30AC3F985}.Debug|iPhoneSimulator.Build.0 = Debug|iPhoneSimulator
		{33FF161C-1FC4-4269-9E64-55B30AC3F985}.Debug|iPhoneSimulator.Deploy.0 = Debug|iPhoneSimulator
		{33FF161C-1FC4-4269-9E64-55B30AC3F985}.Debug|Mixed Platforms.ActiveCfg = Debug|iPhone
		{33FF161C-1FC4-4269-9E64-55B30AC3F985}.Debug|Mixed Platforms.Build.0 = Debug|iPhone
		{33FF161C-1FC4-4269-9E64-55B30AC3F985}.Debug|Mixed Platforms.Deploy.0 = Debug|iPhone
		{33FF161C-1FC4-4269-9E64-55B30AC3F985}.Debug|x86.ActiveCfg = Debug|iPhone
		{33FF161C-1FC4-4269-9E64-55B30AC3F985}.Release|Any CPU.ActiveCfg = Release|iPhone
		{33FF161C-1FC4-4269-9E64-55B30AC3F985}.Release|ARM.ActiveCfg = Release|iPhone
		{33FF161C-1FC4-4269-9E64-55B30AC3F985}.Release|iPhone.ActiveCfg = Release|iPhone
		{33FF161C-1FC4-4269-9E64-55B30AC3F985}.Release|iPhone.Build.0 = Release|iPhone
		{33FF161C-1FC4-4269-9E64-55B30AC3F985}.Release|iPhone.Deploy.0 = Release|iPhone
		{33FF161C-1FC4-4269-9E64-55B30AC3F985}.Release|iPhoneSimulator.ActiveCfg = Release|iPhoneSimulator
		{33FF161C-1FC4-4269-9E64-55B30AC3F985}.Release|iPhoneSimulator.Build.0 = Release|iPhoneSimulator
		{33FF161C-1FC4-4269-9E64-55B30AC3F985}.Release|iPhoneSimulator.Deploy.0 = Release|iPhoneSimulator
		{33FF161C-1FC4-4269-9E64-55B30AC3F985}.Release|Mixed Platforms.ActiveCfg = Release|iPhone
		{33FF161C-1FC4-4269-9E64-55B30AC3F985}.Release|Mixed Platforms.Build.0 = Release|iPhone
		{33FF161C-1FC4-4269-9E64-55B30AC3F985}.Release|Mixed Platforms.Deploy.0 = Release|iPhone
		{33FF161C-1FC4-4269-9E64-55B30AC3F985}.Release|x86.ActiveCfg = Release|iPhone
		{7891A787-993B-4236-B60A-8D000F19FFD0}.Ad-Hoc|Any CPU.ActiveCfg = Release|Any CPU
		{7891A787-993B-4236-B60A-8D000F19FFD0}.Ad-Hoc|Any CPU.Build.0 = Release|Any CPU
		{7891A787-993B-4236-B60A-8D000F19FFD0}.Ad-Hoc|Any CPU.Deploy.0 = Release|Any CPU
		{7891A787-993B-4236-B60A-8D000F19FFD0}.Ad-Hoc|ARM.ActiveCfg = Release|Any CPU
		{7891A787-993B-4236-B60A-8D000F19FFD0}.Ad-Hoc|iPhone.ActiveCfg = Release|Any CPU
		{7891A787-993B-4236-B60A-8D000F19FFD0}.Ad-Hoc|iPhoneSimulator.ActiveCfg = Release|Any CPU
		{7891A787-993B-4236-B60A-8D000F19FFD0}.Ad-Hoc|Mixed Platforms.ActiveCfg = Release|Any CPU
		{7891A787-993B-4236-B60A-8D000F19FFD0}.Ad-Hoc|Mixed Platforms.Build.0 = Release|Any CPU
		{7891A787-993B-4236-B60A-8D000F19FFD0}.Ad-Hoc|Mixed Platforms.Deploy.0 = Release|Any CPU
		{7891A787-993B-4236-B60A-8D000F19FFD0}.Ad-Hoc|x86.ActiveCfg = Release|Any CPU
		{7891A787-993B-4236-B60A-8D000F19FFD0}.AppStore|Any CPU.ActiveCfg = Release|Any CPU
		{7891A787-993B-4236-B60A-8D000F19FFD0}.AppStore|Any CPU.Build.0 = Release|Any CPU
		{7891A787-993B-4236-B60A-8D000F19FFD0}.AppStore|Any CPU.Deploy.0 = Release|Any CPU
		{7891A787-993B-4236-B60A-8D000F19FFD0}.AppStore|ARM.ActiveCfg = Release|Any CPU
		{7891A787-993B-4236-B60A-8D000F19FFD0}.AppStore|iPhone.ActiveCfg = Release|Any CPU
		{7891A787-993B-4236-B60A-8D000F19FFD0}.AppStore|iPhoneSimulator.ActiveCfg = Release|Any CPU
		{7891A787-993B-4236-B60A-8D000F19FFD0}.AppStore|Mixed Platforms.ActiveCfg = Release|Any CPU
		{7891A787-993B-4236-B60A-8D000F19FFD0}.AppStore|Mixed Platforms.Build.0 = Release|Any CPU
		{7891A787-993B-4236-B60A-8D000F19FFD0}.AppStore|Mixed Platforms.Deploy.0 = Release|Any CPU
		{7891A787-993B-4236-B60A-8D000F19FFD0}.AppStore|x86.ActiveCfg = Release|Any CPU
		{7891A787-993B-4236-B60A-8D000F19FFD0}.Debug|Any CPU.ActiveCfg = Debug|Any CPU
		{7891A787-993B-4236-B60A-8D000F19FFD0}.Debug|Any CPU.Build.0 = Debug|Any CPU
		{7891A787-993B-4236-B60A-8D000F19FFD0}.Debug|Any CPU.Deploy.0 = Debug|Any CPU
		{7891A787-993B-4236-B60A-8D000F19FFD0}.Debug|ARM.ActiveCfg = Debug|Any CPU
		{7891A787-993B-4236-B60A-8D000F19FFD0}.Debug|iPhone.ActiveCfg = Debug|Any CPU
		{7891A787-993B-4236-B60A-8D000F19FFD0}.Debug|iPhoneSimulator.ActiveCfg = Debug|Any CPU
		{7891A787-993B-4236-B60A-8D000F19FFD0}.Debug|Mixed Platforms.ActiveCfg = Debug|Any CPU
		{7891A787-993B-4236-B60A-8D000F19FFD0}.Debug|Mixed Platforms.Build.0 = Debug|Any CPU
		{7891A787-993B-4236-B60A-8D000F19FFD0}.Debug|Mixed Platforms.Deploy.0 = Debug|Any CPU
		{7891A787-993B-4236-B60A-8D000F19FFD0}.Debug|x86.ActiveCfg = Debug|Any CPU
		{7891A787-993B-4236-B60A-8D000F19FFD0}.Release|Any CPU.ActiveCfg = Release|Any CPU
		{7891A787-993B-4236-B60A-8D000F19FFD0}.Release|Any CPU.Build.0 = Release|Any CPU
		{7891A787-993B-4236-B60A-8D000F19FFD0}.Release|Any CPU.Deploy.0 = Release|Any CPU
		{7891A787-993B-4236-B60A-8D000F19FFD0}.Release|ARM.ActiveCfg = Release|Any CPU
		{7891A787-993B-4236-B60A-8D000F19FFD0}.Release|iPhone.ActiveCfg = Release|Any CPU
		{7891A787-993B-4236-B60A-8D000F19FFD0}.Release|iPhoneSimulator.ActiveCfg = Release|Any CPU
		{7891A787-993B-4236-B60A-8D000F19FFD0}.Release|Mixed Platforms.ActiveCfg = Release|Any CPU
		{7891A787-993B-4236-B60A-8D000F19FFD0}.Release|Mixed Platforms.Build.0 = Release|Any CPU
		{7891A787-993B-4236-B60A-8D000F19FFD0}.Release|Mixed Platforms.Deploy.0 = Release|Any CPU
		{7891A787-993B-4236-B60A-8D000F19FFD0}.Release|x86.ActiveCfg = Release|Any CPU
	EndGlobalSection
	GlobalSection(SolutionProperties) = preSolution
		HideSolutionNode = FALSE
	EndGlobalSection
EndGlobal
